
Microsoft Visual Studio Solution File, Format Version 12.00
# Visual Studio Version 17
VisualStudioVersion = 17.7.34221.43
MinimumVisualStudioVersion = 10.0.40219.1
Project("{FAE04EC0-301F-11D3-BF4B-00C04F79EFBC}") = "UpperQuest", "UpperQuest\UpperQuest.csproj", "{DEC13FA4-7AB4-4E51-A7A1-1A1910322B28}"
EndProject
Global
	GlobalSection(SolutionConfigurationPlatforms) = preSolution
		Debug|Any CPU = Debug|Any CPU
		Release|Any CPU = Release|Any CPU
	EndGlobalSection
	GlobalSection(ProjectConfigurationPlatforms) = postSolution
		{DEC13FA4-7AB4-4E51-A7A1-1A1910322B28}.Debug|Any CPU.ActiveCfg = Debug|Any CPU
		{DEC13FA4-7AB4-4E51-A7A1-1A1910322B28}.Debug|Any CPU.Build.0 = Debug|Any CPU
		{DEC13FA4-7AB4-4E51-A7A1-1A1910322B28}.Release|Any CPU.ActiveCfg = Release|Any CPU
		{DEC13FA4-7AB4-4E51-A7A1-1A1910322B28}.Release|Any CPU.Build.0 = Release|Any CPU
	EndGlobalSection
	GlobalSection(SolutionProperties) = preSolution
		HideSolutionNode = FALSE
	EndGlobalSection
	GlobalSection(ExtensibilityGlobals) = postSolution
		SolutionGuid = {1621D2A9-2B4F-4F51-B059-B51D8EF8E29E}
	EndGlobalSection
EndGlobal
